<Solution>
  <Project Path="MeydanCleanApi.Template.Application/MeydanCleanApi.Template.Application.csproj" />
  <Project Path="MeydanCleanApi.Template.Domain/MeydanCleanApi.Template.Domain.csproj" />
  <Project Path="MeydanCleanApi.Template.Infrastructure/MeydanCleanApi.Template.Infrastructure.csproj" />
  <Project Path="MeydanCleanApi.Template.Persistence/MeydanCleanApi.Template.Persistence.csproj" />
  <Project Path="MeydanCleanApi.Template.WebApi/MeydanCleanApi.Template.WebApi.csproj" />
</Solution>
